{
    "_meta": {
        "hash": {
            "sha256": "7cc25b93bd05252ed6841206505eb9c8ca0a70eb68631b0fb1515068e6d5183d"
        },
        "pipfile-spec": 6,
        "requires": {
            "python_full_version": "3.11.3",
            "python_version": "3.11"
        },
        "sources": [
            {
                "name": "pypi",
                "url": "https://pypi.tuna.tsinghua.edu.cn/simple/",
                "verify_ssl": true
            }
        ]
    },
    "default": {
        "appscript": {
            "hashes": [
                "sha256:1a57ae62e1f2ffdb3d8ddd387a2ba2cc9863994d939307e68ad2fa2f9b24a3dd",
                "sha256:1bf9b81eddd61fb62e5003ea3168f3dd80c97cc2d0ff4511553fea4dab1fce30",
                "sha256:1dff7bae29723752f75f025dc816e59f517437976118eba5d83c51728dbb91ba",
                "sha256:36719a13bf502158765f42e195ec25ec208dc5e774f9776c2cd838ec46f30762",
                "sha256:64552e87a6b8fac437951f14dd66370576dd2a311bded2aef041580f82fa2c1f",
                "sha256:9c4ba362361131bbf8666de95bbaaf929d5ae2513255f9d47fb8119b6d8279eb",
                "sha256:9dbe19647c7e8695944c773600b25fffe309640b3e1687a836880d0e7695ac08",
                "sha256:afa39b88eb569a51f7f861c0c33c721080e49db8b95fdafeaa9f9a2b4d111d00",
                "sha256:bd141cb87cd54813ef19907fb017cc375d245f776e9e7602dc8d559d0e379827",
                "sha256:fb6bfcaea9fc7b47e36c5594ab863b536a5914bfdf1ff5e8571b8b1d1f877cdd"
            ],
            "markers": "platform_system == 'Darwin'",
            "version": "==1.2.2"
        },
        "lxml": {
            "hashes": [
                "sha256:01d36c05f4afb8f7c20fd9ed5badca32a2029b93b1750f571ccc0b142531caf7",
                "sha256:04876580c050a8c5341d706dd464ff04fd597095cc8c023252566a8826505726",
                "sha256:05ca3f6abf5cf78fe053da9b1166e062ade3fa5d4f92b4ed688127ea7d7b1d03",
                "sha256:090c6543d3696cbe15b4ac6e175e576bcc3f1ccfbba970061b7300b0c15a2140",
                "sha256:0dc313ef231edf866912e9d8f5a042ddab56c752619e92dfd3a2c277e6a7299a",
                "sha256:0f2b1e0d79180f344ff9f321327b005ca043a50ece8713de61d1cb383fb8ac05",
                "sha256:13598ecfbd2e86ea7ae45ec28a2a54fb87ee9b9fdb0f6d343297d8e548392c03",
                "sha256:16efd54337136e8cd72fb9485c368d91d77a47ee2d42b057564aae201257d419",
                "sha256:1ab8f1f932e8f82355e75dda5413a57612c6ea448069d4fb2e217e9a4bed13d4",
                "sha256:223f4232855ade399bd409331e6ca70fb5578efef22cf4069a6090acc0f53c0e",
                "sha256:2455cfaeb7ac70338b3257f41e21f0724f4b5b0c0e7702da67ee6c3640835b67",
                "sha256:2899456259589aa38bfb018c364d6ae7b53c5c22d8e27d0ec7609c2a1ff78b50",
                "sha256:2a29ba94d065945944016b6b74e538bdb1751a1db6ffb80c9d3c2e40d6fa9894",
                "sha256:2a87fa548561d2f4643c99cd13131acb607ddabb70682dcf1dff5f71f781a4bf",
                "sha256:2e430cd2824f05f2d4f687701144556646bae8f249fd60aa1e4c768ba7018947",
                "sha256:36c3c175d34652a35475a73762b545f4527aec044910a651d2bf50de9c3352b1",
                "sha256:3818b8e2c4b5148567e1b09ce739006acfaa44ce3156f8cbbc11062994b8e8dd",
                "sha256:3ab9fa9d6dc2a7f29d7affdf3edebf6ece6fb28a6d80b14c3b2fb9d39b9322c3",
                "sha256:3efea981d956a6f7173b4659849f55081867cf897e719f57383698af6f618a92",
                "sha256:4c8f293f14abc8fd3e8e01c5bd86e6ed0b6ef71936ded5bf10fe7a5efefbaca3",
                "sha256:5344a43228767f53a9df6e5b253f8cdca7dfc7b7aeae52551958192f56d98457",
                "sha256:58bfa3aa19ca4c0f28c5dde0ff56c520fbac6f0daf4fac66ed4c8d2fb7f22e74",
                "sha256:5b4545b8a40478183ac06c073e81a5ce4cf01bf1734962577cf2bb569a5b3bbf",
                "sha256:5f50a1c177e2fa3ee0667a5ab79fdc6b23086bc8b589d90b93b4bd17eb0e64d1",
                "sha256:63da2ccc0857c311d764e7d3d90f429c252e83b52d1f8f1d1fe55be26827d1f4",
                "sha256:6749649eecd6a9871cae297bffa4ee76f90b4504a2a2ab528d9ebe912b101975",
                "sha256:6804daeb7ef69e7b36f76caddb85cccd63d0c56dedb47555d2fc969e2af6a1a5",
                "sha256:689bb688a1db722485e4610a503e3e9210dcc20c520b45ac8f7533c837be76fe",
                "sha256:699a9af7dffaf67deeae27b2112aa06b41c370d5e7633e0ee0aea2e0b6c211f7",
                "sha256:6b418afe5df18233fc6b6093deb82a32895b6bb0b1155c2cdb05203f583053f1",
                "sha256:76cf573e5a365e790396a5cc2b909812633409306c6531a6877c59061e42c4f2",
                "sha256:7b515674acfdcadb0eb5d00d8a709868173acece5cb0be3dd165950cbfdf5409",
                "sha256:7b770ed79542ed52c519119473898198761d78beb24b107acf3ad65deae61f1f",
                "sha256:7d2278d59425777cfcb19735018d897ca8303abe67cc735f9f97177ceff8027f",
                "sha256:7e91ee82f4199af8c43d8158024cbdff3d931df350252288f0d4ce656df7f3b5",
                "sha256:821b7f59b99551c69c85a6039c65b75f5683bdc63270fec660f75da67469ca24",
                "sha256:822068f85e12a6e292803e112ab876bc03ed1f03dddb80154c395f891ca6b31e",
                "sha256:8340225bd5e7a701c0fa98284c849c9b9fc9238abf53a0ebd90900f25d39a4e4",
                "sha256:85cabf64adec449132e55616e7ca3e1000ab449d1d0f9d7f83146ed5bdcb6d8a",
                "sha256:880bbbcbe2fca64e2f4d8e04db47bcdf504936fa2b33933efd945e1b429bea8c",
                "sha256:8d0b4612b66ff5d62d03bcaa043bb018f74dfea51184e53f067e6fdcba4bd8de",
                "sha256:8e20cb5a47247e383cf4ff523205060991021233ebd6f924bca927fcf25cf86f",
                "sha256:925073b2fe14ab9b87e73f9a5fde6ce6392da430f3004d8b72cc86f746f5163b",
                "sha256:998c7c41910666d2976928c38ea96a70d1aa43be6fe502f21a651e17483a43c5",
                "sha256:9b22c5c66f67ae00c0199f6055705bc3eb3fcb08d03d2ec4059a2b1b25ed48d7",
                "sha256:9f102706d0ca011de571de32c3247c6476b55bb6bc65a20f682f000b07a4852a",
                "sha256:a08cff61517ee26cb56f1e949cca38caabe9ea9fbb4b1e10a805dc39844b7d5c",
                "sha256:a0a336d6d3e8b234a3aae3c674873d8f0e720b76bc1d9416866c41cd9500ffb9",
                "sha256:a35f8b7fa99f90dd2f5dc5a9fa12332642f087a7641289ca6c40d6e1a2637d8e",
                "sha256:a38486985ca49cfa574a507e7a2215c0c780fd1778bb6290c21193b7211702ab",
                "sha256:a5da296eb617d18e497bcf0a5c528f5d3b18dadb3619fbdadf4ed2356ef8d941",
                "sha256:a6e441a86553c310258aca15d1c05903aaf4965b23f3bc2d55f200804e005ee5",
                "sha256:a82d05da00a58b8e4c0008edbc8a4b6ec5a4bc1e2ee0fb6ed157cf634ed7fa45",
                "sha256:ab323679b8b3030000f2be63e22cdeea5b47ee0abd2d6a1dc0c8103ddaa56cd7",
                "sha256:b1f42b6921d0e81b1bcb5e395bc091a70f41c4d4e55ba99c6da2b31626c44892",
                "sha256:b23e19989c355ca854276178a0463951a653309fb8e57ce674497f2d9f208746",
                "sha256:b264171e3143d842ded311b7dccd46ff9ef34247129ff5bf5066123c55c2431c",
                "sha256:b26a29f0b7fc6f0897f043ca366142d2b609dc60756ee6e4e90b5f762c6adc53",
                "sha256:b64d891da92e232c36976c80ed7ebb383e3f148489796d8d31a5b6a677825efe",
                "sha256:b9cc34af337a97d470040f99ba4282f6e6bac88407d021688a5d585e44a23184",
                "sha256:bc718cd47b765e790eecb74d044cc8d37d58562f6c314ee9484df26276d36a38",
                "sha256:be7292c55101e22f2a3d4d8913944cbea71eea90792bf914add27454a13905df",
                "sha256:c83203addf554215463b59f6399835201999b5e48019dc17f182ed5ad87205c9",
                "sha256:c9ec3eaf616d67db0764b3bb983962b4f385a1f08304fd30c7283954e6a7869b",
                "sha256:ca34efc80a29351897e18888c71c6aca4a359247c87e0b1c7ada14f0ab0c0fb2",
                "sha256:ca989b91cf3a3ba28930a9fc1e9aeafc2a395448641df1f387a2d394638943b0",
                "sha256:d02a5399126a53492415d4906ab0ad0375a5456cc05c3fc0fc4ca11771745cda",
                "sha256:d17bc7c2ccf49c478c5bdd447594e82692c74222698cfc9b5daae7ae7e90743b",
                "sha256:d5bf6545cd27aaa8a13033ce56354ed9e25ab0e4ac3b5392b763d8d04b08e0c5",
                "sha256:d6b430a9938a5a5d85fc107d852262ddcd48602c120e3dbb02137c83d212b380",
                "sha256:da248f93f0418a9e9d94b0080d7ebc407a9a5e6d0b57bb30db9b5cc28de1ad33",
                "sha256:da4dd7c9c50c059aba52b3524f84d7de956f7fef88f0bafcf4ad7dde94a064e8",
                "sha256:df0623dcf9668ad0445e0558a21211d4e9a149ea8f5666917c8eeec515f0a6d1",
                "sha256:e5168986b90a8d1f2f9dc1b841467c74221bd752537b99761a93d2d981e04889",
                "sha256:efa29c2fe6b4fdd32e8ef81c1528506895eca86e1d8c4657fda04c9b3786ddf9",
                "sha256:f1496ea22ca2c830cbcbd473de8f114a320da308438ae65abad6bab7867fe38f",
                "sha256:f49e52d174375a7def9915c9f06ec4e569d235ad428f70751765f48d5926678c"
            ],
            "markers": "python_version >= '2.7' and python_version not in '3.0, 3.1, 3.2, 3.3, 3.4'",
            "version": "==4.9.2"
        },
        "psutil": {
            "hashes": [
                "sha256:149555f59a69b33f056ba1c4eb22bb7bf24332ce631c44a319cec09f876aaeff",
                "sha256:16653106f3b59386ffe10e0bad3bb6299e169d5327d3f187614b1cb8f24cf2e1",
                "sha256:3d7f9739eb435d4b1338944abe23f49584bde5395f27487d2ee25ad9a8774a62",
                "sha256:3ff89f9b835100a825b14c2808a106b6fdcc4b15483141482a12c725e7f78549",
                "sha256:54c0d3d8e0078b7666984e11b12b88af2db11d11249a8ac8920dd5ef68a66e08",
                "sha256:54d5b184728298f2ca8567bf83c422b706200bcbbfafdc06718264f9393cfeb7",
                "sha256:6001c809253a29599bc0dfd5179d9f8a5779f9dffea1da0f13c53ee568115e1e",
                "sha256:68908971daf802203f3d37e78d3f8831b6d1014864d7a85937941bb35f09aefe",
                "sha256:6b92c532979bafc2df23ddc785ed116fced1f492ad90a6830cf24f4d1ea27d24",
                "sha256:852dd5d9f8a47169fe62fd4a971aa07859476c2ba22c2254d4a1baa4e10b95ad",
                "sha256:9120cd39dca5c5e1c54b59a41d205023d436799b1c8c4d3ff71af18535728e94",
                "sha256:c1ca331af862803a42677c120aff8a814a804e09832f166f226bfd22b56feee8",
                "sha256:efeae04f9516907be44904cc7ce08defb6b665128992a56957abc9b61dca94b7",
                "sha256:fd8522436a6ada7b4aad6638662966de0d61d241cb821239b2ae7013d41a43d4"
            ],
            "markers": "platform_system == 'Darwin'",
            "version": "==5.9.4"
        },
        "xlwings": {
            "hashes": [
                "sha256:038de6e0785d7affff27226e12d81b86cd8302cbd19475082ef9a698be307531",
                "sha256:05bdd406e6741ebd184746724b5d13123c0edf0b255b988cf8611193740b1e0a",
                "sha256:09d0373854374084201341215eed0f98bb82143a5a11eeeda2ade792a41acb2e",
                "sha256:0d8107f94af9322968548fe6ad81d33bef0397b831c37da917e3658d23d57e97",
                "sha256:1340f4d9a0b97f05cb829f5dc135e8f847d3b1095f2a2b89ad3d405476dfc4f5",
                "sha256:15edcb9976fd713dc0bdeba9f5f631187b8b0d19a3060e5dbca4ecf9b1ebb7a5",
                "sha256:1afa8cd8e896126417b5bdf00a999e79f74de70acfb439e8f7f4964766a0aed1",
                "sha256:1da7f22ae1e99dec636d03267675f75564de8593ca984b459841500d47280985",
                "sha256:1fc635248db3012e546ac28c40e6659640f3897c0f1c2ab8efef299b790ddba8",
                "sha256:24df61db7fa196f1112a20347efdccb6956bff2576c4fe01bcf8b0d01154430d",
                "sha256:26038cc34edf0db2632b7f2b970fedba3ad3e1c8958b194523f8b90fe03f9972",
                "sha256:2e501fb2ce63ecf0cf12b262df6a1ad24783fa121ecc8dca15eca7fe24a42d1f",
                "sha256:30e17a20aad708a635f6927cfe4667913010fdf1d4305efd56eab42d45002ab4",
                "sha256:30fc1846cc41b354cdf7a025596aadd61a844f17ccb22afeaad6fd97201d841e",
                "sha256:31366305d3cc5f8359194242eae3c58cec542460a8d664002350f47809719550",
                "sha256:366314a046c34b9cd7cbfb4da0b5b70aab40774b3fb87e00bc97ee47af47a324",
                "sha256:384a60f5b3cab073aaa407f5b408ad2f54c147c0a43c9a9a71f348a8f4c3859d",
                "sha256:4e11bd10294e90b2fd5abb4cc5f4629d6e7979f152a9560fb8817347ed96c41e",
                "sha256:5c02c46f9f3d6cd00d2197f5a176932aaf0e5e2624f94fcaeea14b688c81588f",
                "sha256:5ce906bead7dc4af41b22f57eaefbf1fbe8b0bb84bd19f9e2b864d6d3f6e9903",
                "sha256:5f213bd6061053ec6843749963119244db06d79df6ee1f55e515311d25a377c6",
                "sha256:615d6e9eaf1bd4614cc626199aca3cd9b755ef2116e3ed11f607592af5222d1e",
                "sha256:67a21fcb7ba15ce58f47fadbba3bb37980a0c9bcd823afb10fd0233eaedaf104",
                "sha256:713017f14f223dabeba98ce362d525172bc5c8fe2ee8948a981e0d35e540172b",
                "sha256:7e3acd3b4967c0a26f7ed831bf0ff693e7cbc7227c222abe153b9abbeea0afde",
                "sha256:7f94ca307d09cacbb24d728e4169c87953cfe3d5b0a29916b3f05d86856a9478",
                "sha256:806124807f1af34b87eb4fdbd5c15654be43aa1f47aa10537f2571b7a5ad7378",
                "sha256:8631690a1aba7e59c8c8c6dc0156454b9447c90da1910291368577c4bd18af75",
                "sha256:870f7091cf1b4303ef90e4f03cfb6644d3dc00adb1f571a0b6ac646b9a9caa03",
                "sha256:b2a4ac60ca0a0544206cf5cad75afc891db7ca51cf371036a56231464efc6fe7",
                "sha256:b91fcb35ab883efc80dae9f0c340f31094e287865e73fc382e2691546da57b2c",
                "sha256:bf85de54c850c6f24d6a67d22edb7f5b00dd915c6633f2cb2069109c5c7eaa1d",
                "sha256:c40c2ed6b88cbac42f52b524145cbe818e21588b5ffc4b44d5011100425bb2ad",
                "sha256:c68f66d08e4d8dc5fefa57bd6312afa2d316b2178362f6b3351b42e5c4c6b99a",
                "sha256:cc2a3a79e515363dbf937441b031a7c788579a06152239ac58915f1692aeab55",
                "sha256:d11533b509e01ecb8e27b96f0a2c035ccdc71287d3cbde2d2b2daad7c62b6771",
                "sha256:d44e6622e97b21d9a6d5488674cfda91fa1b42feaebaab6479aa0e3e8645c883",
                "sha256:d9b70b174bf28fc53572807cc8f76971e94ee608e0577a7c55635d46dd3d9795",
                "sha256:e1f7b003d6ea38fc6b47f872513b87b2d58ac17abfc7f067ff72c9a7a0735db3",
                "sha256:e3958472dd1c949a67ce2b338baf88d739528dbaf352914fc27149b62c17102a",
                "sha256:f073ce227adf404a81ab52cd9a04c3adef4f8a18d36ebec0e0e04092d3f59125"
            ],
            "index": "pypi",
            "version": "==0.30.4"
        }
    },
    "develop": {}
}
